
Microsoft Visual Studio Solution File, Format Version 12.00
# Visual Studio Version 16
VisualStudioVersion = 16.0.30523.141
MinimumVisualStudioVersion = 10.0.40219.1
Project("{FAE04EC0-301F-11D3-BF4B-00C04F79EFBC}") = "ComboBox_ejemplo", "ComboBox_ejemplo.csproj", "{68521D07-19F7-4182-BF58-D9A08F9F9435}"
EndProject
Global
	GlobalSection(SolutionConfigurationPlatforms) = preSolution
		Debug|Any CPU = Debug|Any CPU
		Release|Any CPU = Release|Any CPU
	EndGlobalSection
	GlobalSection(ProjectConfigurationPlatforms) = postSolution
		{68521D07-19F7-4182-BF58-D9A08F9F9435}.Debug|Any CPU.ActiveCfg = Debug|Any CPU
		{68521D07-19F7-4182-BF58-D9A08F9F9435}.Debug|Any CPU.Build.0 = Debug|Any CPU
		{68521D07-19F7-4182-BF58-D9A08F9F9435}.Release|Any CPU.ActiveCfg = Release|Any CPU
		{68521D07-19F7-4182-BF58-D9A08F9F9435}.Release|Any CPU.Build.0 = Release|Any CPU
	EndGlobalSection
	GlobalSection(SolutionProperties) = preSolution
		HideSolutionNode = FALSE
	EndGlobalSection
	GlobalSection(ExtensibilityGlobals) = postSolution
		SolutionGuid = {BC45DA0A-45B0-48CD-8481-1C618E8608D1}
	EndGlobalSection
EndGlobal
