
Microsoft Visual Studio Solution File, Format Version 12.00
# Visual Studio Version 16
VisualStudioVersion = 16.0.30523.141
MinimumVisualStudioVersion = 10.0.40219.1
Project("{FAE04EC0-301F-11D3-BF4B-00C04F79EFBC}") = "practica-class-virtual", "practica-class-virtual.csproj", "{5B9D63B1-CA03-4454-B230-18E1D2E430AD}"
EndProject
Global
	GlobalSection(SolutionConfigurationPlatforms) = preSolution
		Debug|Any CPU = Debug|Any CPU
		Release|Any CPU = Release|Any CPU
	EndGlobalSection
	GlobalSection(ProjectConfigurationPlatforms) = postSolution
		{5B9D63B1-CA03-4454-B230-18E1D2E430AD}.Debug|Any CPU.ActiveCfg = Debug|Any CPU
		{5B9D63B1-CA03-4454-B230-18E1D2E430AD}.Debug|Any CPU.Build.0 = Debug|Any CPU
		{5B9D63B1-CA03-4454-B230-18E1D2E430AD}.Release|Any CPU.ActiveCfg = Release|Any CPU
		{5B9D63B1-CA03-4454-B230-18E1D2E430AD}.Release|Any CPU.Build.0 = Release|Any CPU
	EndGlobalSection
	GlobalSection(SolutionProperties) = preSolution
		HideSolutionNode = FALSE
	EndGlobalSection
	GlobalSection(ExtensibilityGlobals) = postSolution
		SolutionGuid = {8FA9167D-90AA-4C40-8140-7F1A64E4C33F}
	EndGlobalSection
EndGlobal
