
Microsoft Visual Studio Solution File, Format Version 12.00
# Visual Studio Version 16
VisualStudioVersion = 16.0.30523.141
MinimumVisualStudioVersion = 10.0.40219.1
Project("{FAE04EC0-301F-11D3-BF4B-00C04F79EFBC}") = "GenericosRestricciones", "GenericosRestricciones.csproj", "{1DFF5B55-7EE8-435E-9DA5-67369D3F29A2}"
EndProject
Global
	GlobalSection(SolutionConfigurationPlatforms) = preSolution
		Debug|Any CPU = Debug|Any CPU
		Release|Any CPU = Release|Any CPU
	EndGlobalSection
	GlobalSection(ProjectConfigurationPlatforms) = postSolution
		{1DFF5B55-7EE8-435E-9DA5-67369D3F29A2}.Debug|Any CPU.ActiveCfg = Debug|Any CPU
		{1DFF5B55-7EE8-435E-9DA5-67369D3F29A2}.Debug|Any CPU.Build.0 = Debug|Any CPU
		{1DFF5B55-7EE8-435E-9DA5-67369D3F29A2}.Release|Any CPU.ActiveCfg = Release|Any CPU
		{1DFF5B55-7EE8-435E-9DA5-67369D3F29A2}.Release|Any CPU.Build.0 = Release|Any CPU
	EndGlobalSection
	GlobalSection(SolutionProperties) = preSolution
		HideSolutionNode = FALSE
	EndGlobalSection
	GlobalSection(ExtensibilityGlobals) = postSolution
		SolutionGuid = {CE950831-D2A7-41D8-AC84-6DB96C87AF33}
	EndGlobalSection
EndGlobal
