
Microsoft Visual Studio Solution File, Format Version 12.00
# Visual Studio Version 16
VisualStudioVersion = 16.0.30523.141
MinimumVisualStudioVersion = 10.0.40219.1
Project("{FAE04EC0-301F-11D3-BF4B-00C04F79EFBC}") = "practicas2", "practicas2.csproj", "{713006B8-5511-4BF0-A96A-F5BC954DD9AE}"
EndProject
Global
	GlobalSection(SolutionConfigurationPlatforms) = preSolution
		Debug|Any CPU = Debug|Any CPU
		Release|Any CPU = Release|Any CPU
	EndGlobalSection
	GlobalSection(ProjectConfigurationPlatforms) = postSolution
		{713006B8-5511-4BF0-A96A-F5BC954DD9AE}.Debug|Any CPU.ActiveCfg = Debug|Any CPU
		{713006B8-5511-4BF0-A96A-F5BC954DD9AE}.Debug|Any CPU.Build.0 = Debug|Any CPU
		{713006B8-5511-4BF0-A96A-F5BC954DD9AE}.Release|Any CPU.ActiveCfg = Release|Any CPU
		{713006B8-5511-4BF0-A96A-F5BC954DD9AE}.Release|Any CPU.Build.0 = Release|Any CPU
	EndGlobalSection
	GlobalSection(SolutionProperties) = preSolution
		HideSolutionNode = FALSE
	EndGlobalSection
	GlobalSection(ExtensibilityGlobals) = postSolution
		SolutionGuid = {649317C5-1198-4373-BBB0-27E1B895DF36}
	EndGlobalSection
EndGlobal
