
Microsoft Visual Studio Solution File, Format Version 12.00
# Visual Studio Version 16
VisualStudioVersion = 16.0.30523.141
MinimumVisualStudioVersion = 10.0.40219.1
Project("{FAE04EC0-301F-11D3-BF4B-00C04F79EFBC}") = "Calendario", "Calendario.csproj", "{20E57D2E-B299-41A2-9802-85D9963E1AA2}"
EndProject
Global
	GlobalSection(SolutionConfigurationPlatforms) = preSolution
		Debug|Any CPU = Debug|Any CPU
		Release|Any CPU = Release|Any CPU
	EndGlobalSection
	GlobalSection(ProjectConfigurationPlatforms) = postSolution
		{20E57D2E-B299-41A2-9802-85D9963E1AA2}.Debug|Any CPU.ActiveCfg = Debug|Any CPU
		{20E57D2E-B299-41A2-9802-85D9963E1AA2}.Debug|Any CPU.Build.0 = Debug|Any CPU
		{20E57D2E-B299-41A2-9802-85D9963E1AA2}.Release|Any CPU.ActiveCfg = Release|Any CPU
		{20E57D2E-B299-41A2-9802-85D9963E1AA2}.Release|Any CPU.Build.0 = Release|Any CPU
	EndGlobalSection
	GlobalSection(SolutionProperties) = preSolution
		HideSolutionNode = FALSE
	EndGlobalSection
	GlobalSection(ExtensibilityGlobals) = postSolution
		SolutionGuid = {64044606-7A4C-4212-BE41-F5F21581A7C7}
	EndGlobalSection
EndGlobal
