
Microsoft Visual Studio Solution File, Format Version 12.00
# Visual Studio Version 16
VisualStudioVersion = 16.0.30523.141
MinimumVisualStudioVersion = 10.0.40219.1
Project("{FAE04EC0-301F-11D3-BF4B-00C04F79EFBC}") = "Genericos", "Genericos.csproj", "{F8676121-2D19-4E12-B689-94A65B713161}"
EndProject
Global
	GlobalSection(SolutionConfigurationPlatforms) = preSolution
		Debug|Any CPU = Debug|Any CPU
		Release|Any CPU = Release|Any CPU
	EndGlobalSection
	GlobalSection(ProjectConfigurationPlatforms) = postSolution
		{F8676121-2D19-4E12-B689-94A65B713161}.Debug|Any CPU.ActiveCfg = Debug|Any CPU
		{F8676121-2D19-4E12-B689-94A65B713161}.Debug|Any CPU.Build.0 = Debug|Any CPU
		{F8676121-2D19-4E12-B689-94A65B713161}.Release|Any CPU.ActiveCfg = Release|Any CPU
		{F8676121-2D19-4E12-B689-94A65B713161}.Release|Any CPU.Build.0 = Release|Any CPU
	EndGlobalSection
	GlobalSection(SolutionProperties) = preSolution
		HideSolutionNode = FALSE
	EndGlobalSection
	GlobalSection(ExtensibilityGlobals) = postSolution
		SolutionGuid = {E9F42CB1-A53E-411B-BF0D-8E1B978FF48F}
	EndGlobalSection
EndGlobal
