
Microsoft Visual Studio Solution File, Format Version 12.00
# Visual Studio Version 16
VisualStudioVersion = 16.0.30523.141
MinimumVisualStudioVersion = 10.0.40219.1
Project("{FAE04EC0-301F-11D3-BF4B-00C04F79EFBC}") = "Class_Obj_Array", "Class_Obj_Array.csproj", "{7BB3EAAD-68B8-47FB-87A1-9CD67F8B65A9}"
EndProject
Global
	GlobalSection(SolutionConfigurationPlatforms) = preSolution
		Debug|Any CPU = Debug|Any CPU
		Release|Any CPU = Release|Any CPU
	EndGlobalSection
	GlobalSection(ProjectConfigurationPlatforms) = postSolution
		{7BB3EAAD-68B8-47FB-87A1-9CD67F8B65A9}.Debug|Any CPU.ActiveCfg = Debug|Any CPU
		{7BB3EAAD-68B8-47FB-87A1-9CD67F8B65A9}.Debug|Any CPU.Build.0 = Debug|Any CPU
		{7BB3EAAD-68B8-47FB-87A1-9CD67F8B65A9}.Release|Any CPU.ActiveCfg = Release|Any CPU
		{7BB3EAAD-68B8-47FB-87A1-9CD67F8B65A9}.Release|Any CPU.Build.0 = Release|Any CPU
	EndGlobalSection
	GlobalSection(SolutionProperties) = preSolution
		HideSolutionNode = FALSE
	EndGlobalSection
	GlobalSection(ExtensibilityGlobals) = postSolution
		SolutionGuid = {8B9B297B-008A-411E-BB23-48FD9FA38998}
	EndGlobalSection
EndGlobal
