
Microsoft Visual Studio Solution File, Format Version 12.00
# Visual Studio Version 16
VisualStudioVersion = 16.0.30523.141
MinimumVisualStudioVersion = 10.0.40219.1
Project("{FAE04EC0-301F-11D3-BF4B-00C04F79EFBC}") = "arrays2", "arrays2.csproj", "{EDC1719F-BACE-4F66-9439-56A574D68155}"
EndProject
Global
	GlobalSection(SolutionConfigurationPlatforms) = preSolution
		Debug|Any CPU = Debug|Any CPU
		Release|Any CPU = Release|Any CPU
	EndGlobalSection
	GlobalSection(ProjectConfigurationPlatforms) = postSolution
		{EDC1719F-BACE-4F66-9439-56A574D68155}.Debug|Any CPU.ActiveCfg = Debug|Any CPU
		{EDC1719F-BACE-4F66-9439-56A574D68155}.Debug|Any CPU.Build.0 = Debug|Any CPU
		{EDC1719F-BACE-4F66-9439-56A574D68155}.Release|Any CPU.ActiveCfg = Release|Any CPU
		{EDC1719F-BACE-4F66-9439-56A574D68155}.Release|Any CPU.Build.0 = Release|Any CPU
	EndGlobalSection
	GlobalSection(SolutionProperties) = preSolution
		HideSolutionNode = FALSE
	EndGlobalSection
	GlobalSection(ExtensibilityGlobals) = postSolution
		SolutionGuid = {52D99068-3705-4561-911F-02289D9F86D8}
	EndGlobalSection
EndGlobal
