
Microsoft Visual Studio Solution File, Format Version 12.00
# Visual Studio Version 16
VisualStudioVersion = 16.0.30523.141
MinimumVisualStudioVersion = 10.0.40219.1
Project("{FAE04EC0-301F-11D3-BF4B-00C04F79EFBC}") = "Structs_Y_Enum", "Structs_Y_Enum.csproj", "{17D9FA56-AAA7-4059-BDD5-5E73E4624CD2}"
EndProject
Global
	GlobalSection(SolutionConfigurationPlatforms) = preSolution
		Debug|Any CPU = Debug|Any CPU
		Release|Any CPU = Release|Any CPU
	EndGlobalSection
	GlobalSection(ProjectConfigurationPlatforms) = postSolution
		{17D9FA56-AAA7-4059-BDD5-5E73E4624CD2}.Debug|Any CPU.ActiveCfg = Debug|Any CPU
		{17D9FA56-AAA7-4059-BDD5-5E73E4624CD2}.Debug|Any CPU.Build.0 = Debug|Any CPU
		{17D9FA56-AAA7-4059-BDD5-5E73E4624CD2}.Release|Any CPU.ActiveCfg = Release|Any CPU
		{17D9FA56-AAA7-4059-BDD5-5E73E4624CD2}.Release|Any CPU.Build.0 = Release|Any CPU
	EndGlobalSection
	GlobalSection(SolutionProperties) = preSolution
		HideSolutionNode = FALSE
	EndGlobalSection
	GlobalSection(ExtensibilityGlobals) = postSolution
		SolutionGuid = {7B41D3B5-7F3C-4AAF-80D4-25E48BC70C4E}
	EndGlobalSection
EndGlobal
